{
  "name": "mp",
  "version": "1.0.0",
  "lockfileVersion": 1,
  "requires": true,
  "dependencies": {
    "dayjs": {
      "version": "1.9.3",
      "resolved": "https://registry.npm.taobao.org/dayjs/download/dayjs-1.9.3.tgz?cache=0&sync_timestamp=1602580965878&other_urls=https%3A%2F%2Fregistry.npm.taobao.org%2Fdayjs%2Fdownload%2Fdayjs-1.9.3.tgz",
      "integrity": "sha1-t/lLIq0qE2pMoCoBq2iuiT/homg="
    }
  }
}
