{
  "name": "requxt-axios",
  "version": "0.0.1",
  "lockfileVersion": 1,
  "requires": true,
  "dependencies": {
    "requxt": {
      "version": "file:../..",
      "dependencies": {
        "typescript": {
          "version": "4.0.3",
          "resolved": "https://registry.npm.taobao.org/typescript/download/typescript-4.0.3.tgz?cache=0&sync_timestamp=1602141526326&other_urls=https%3A%2F%2Fregistry.npm.taobao.org%2Ftypescript%2Fdownload%2Ftypescript-4.0.3.tgz",
          "integrity": "sha1-FTu9Ro7wdyXB35x36LRT+NNqu6U="
        }
      }
    },
    "requxt-adapter-axios": {
      "version": "file:../requxt-adapter-axios",
      "requires": {
        "axios": "^0.20.0"
      },
      "dependencies": {
        "axios": {
          "version": "0.20.0",
          "resolved": "https://registry.npm.taobao.org/axios/download/axios-0.20.0.tgz?cache=0&sync_timestamp=1597979584536&other_urls=https%3A%2F%2Fregistry.npm.taobao.org%2Faxios%2Fdownload%2Faxios-0.20.0.tgz",
          "integrity": "sha1-BXujDwSIRpSZOozQf6OUz/EcUL0=",
          "requires": {
            "follow-redirects": "^1.10.0"
          }
        },
        "follow-redirects": {
          "version": "1.13.0",
          "resolved": "https://registry.npm.taobao.org/follow-redirects/download/follow-redirects-1.13.0.tgz?cache=0&sync_timestamp=1597059692702&other_urls=https%3A%2F%2Fregistry.npm.taobao.org%2Ffollow-redirects%2Fdownload%2Ffollow-redirects-1.13.0.tgz",
          "integrity": "sha1-tC6Nk6Kn7qXtiGM2dtZZe8jjhNs="
        },
        "requxt": {
          "version": "0.0.1",
          "dependencies": {
            "typescript": {
              "version": "4.0.3",
              "resolved": "https://registry.npm.taobao.org/typescript/download/typescript-4.0.3.tgz?cache=0&sync_timestamp=1602141526326&other_urls=https%3A%2F%2Fregistry.npm.taobao.org%2Ftypescript%2Fdownload%2Ftypescript-4.0.3.tgz",
              "integrity": "sha1-FTu9Ro7wdyXB35x36LRT+NNqu6U="
            }
          }
        }
      }
    }
  }
}
