{
  "name": "requxt-axios",
  "version": "0.0.1",
  "lockfileVersion": 1,
  "requires": true,
  "dependencies": {
    "requxt": {
      "version": "file:../.."
    },
    "requxt-adapter-axios": {
      "version": "file:../requxt-adapter-axios",
      "requires": {
        "axios": "^0.20.0"
      }
    }
  }
}
