{
	"name": "requxt-adapter-axios",
	"version": "0.0.1",
	"lockfileVersion": 1,
	"requires": true,
	"dependencies": {
		"abort-controller": {
			"version": "3.0.0",
			"resolved": "https://registry.npm.taobao.org/abort-controller/download/abort-controller-3.0.0.tgz",
			"integrity": "sha1-6vVNU7YrrkE46AnKIlyEOabvs5I=",
			"requires": {
				"event-target-shim": "^5.0.0"
			}
		},
		"axios": {
			"version": "0.21.0",
			"resolved": "https://registry.npm.taobao.org/axios/download/axios-0.21.0.tgz",
			"integrity": "sha1-Jt8IiAOiNQ3/LCf5b++Z/klEKso=",
			"requires": {
				"follow-redirects": "^1.10.0"
			}
		},
		"event-target-shim": {
			"version": "5.0.1",
			"resolved": "https://registry.npm.taobao.org/event-target-shim/download/event-target-shim-5.0.1.tgz",
			"integrity": "sha1-XU0+vflYPWOlMzzi3rdICrKwV4k="
		},
		"follow-redirects": {
			"version": "1.13.0",
			"resolved": "https://registry.npm.taobao.org/follow-redirects/download/follow-redirects-1.13.0.tgz?cache=0&sync_timestamp=1597058070545&other_urls=https%3A%2F%2Fregistry.npm.taobao.org%2Ffollow-redirects%2Fdownload%2Ffollow-redirects-1.13.0.tgz",
			"integrity": "sha1-tC6Nk6Kn7qXtiGM2dtZZe8jjhNs="
		},
		"typescript": {
			"version": "4.1.2",
			"resolved": "https://registry.npm.taobao.org/typescript/download/typescript-4.1.2.tgz?cache=0&sync_timestamp=1606114134500&other_urls=https%3A%2F%2Fregistry.npm.taobao.org%2Ftypescript%2Fdownload%2Ftypescript-4.1.2.tgz",
			"integrity": "sha1-Y2nvIlFv5eEDBKrlpcSGLbVTgOk=",
			"dev": true
		}
	}
}
